
Microsoft Visual Studio Solution File, Format Version 12.00
# Visual Studio Version 16
VisualStudioVersion = 16.0.31702.278
MinimumVisualStudioVersion = 10.0.40219.1
Project("{9A19103F-16F7-4668-BE54-9A1E7A4F7556}") = "Nivel2", "Nivel2\Nivel2.csproj", "{F59DF29E-D365-420F-93D3-216CEC763418}"
EndProject
Project("{9A19103F-16F7-4668-BE54-9A1E7A4F7556}") = "Nivel3", "Nivel3\Nivel3.csproj", "{161F6D39-C971-4C53-958B-9FABFC29355E}"
EndProject
Project("{9A19103F-16F7-4668-BE54-9A1E7A4F7556}") = "Nivel1", "Nivel1\Nivel1.csproj", "{B7EEA9AD-41EB-4B14-B25D-FA40F580B2AD}"
EndProject
Project("{FAE04EC0-301F-11D3-BF4B-00C04F79EFBC}") = "Nivel5", "Nivel5\Nivel5.csproj", "{8241E4C0-1D51-4A36-8871-E9A4B9C3BBD3}"
EndProject
Global
	GlobalSection(SolutionConfigurationPlatforms) = preSolution
		Debug|Any CPU = Debug|Any CPU
		Release|Any CPU = Release|Any CPU
	EndGlobalSection
	GlobalSection(ProjectConfigurationPlatforms) = postSolution
		{F59DF29E-D365-420F-93D3-216CEC763418}.Debug|Any CPU.ActiveCfg = Debug|Any CPU
		{F59DF29E-D365-420F-93D3-216CEC763418}.Debug|Any CPU.Build.0 = Debug|Any CPU
		{F59DF29E-D365-420F-93D3-216CEC763418}.Release|Any CPU.ActiveCfg = Release|Any CPU
		{F59DF29E-D365-420F-93D3-216CEC763418}.Release|Any CPU.Build.0 = Release|Any CPU
		{161F6D39-C971-4C53-958B-9FABFC29355E}.Debug|Any CPU.ActiveCfg = Debug|Any CPU
		{161F6D39-C971-4C53-958B-9FABFC29355E}.Debug|Any CPU.Build.0 = Debug|Any CPU
		{161F6D39-C971-4C53-958B-9FABFC29355E}.Release|Any CPU.ActiveCfg = Release|Any CPU
		{161F6D39-C971-4C53-958B-9FABFC29355E}.Release|Any CPU.Build.0 = Release|Any CPU
		{B7EEA9AD-41EB-4B14-B25D-FA40F580B2AD}.Debug|Any CPU.ActiveCfg = Debug|Any CPU
		{B7EEA9AD-41EB-4B14-B25D-FA40F580B2AD}.Debug|Any CPU.Build.0 = Debug|Any CPU
		{B7EEA9AD-41EB-4B14-B25D-FA40F580B2AD}.Release|Any CPU.ActiveCfg = Release|Any CPU
		{B7EEA9AD-41EB-4B14-B25D-FA40F580B2AD}.Release|Any CPU.Build.0 = Release|Any CPU
		{8241E4C0-1D51-4A36-8871-E9A4B9C3BBD3}.Debug|Any CPU.ActiveCfg = Debug|Any CPU
		{8241E4C0-1D51-4A36-8871-E9A4B9C3BBD3}.Debug|Any CPU.Build.0 = Debug|Any CPU
		{8241E4C0-1D51-4A36-8871-E9A4B9C3BBD3}.Release|Any CPU.ActiveCfg = Release|Any CPU
		{8241E4C0-1D51-4A36-8871-E9A4B9C3BBD3}.Release|Any CPU.Build.0 = Release|Any CPU
	EndGlobalSection
	GlobalSection(SolutionProperties) = preSolution
		HideSolutionNode = FALSE
	EndGlobalSection
	GlobalSection(ExtensibilityGlobals) = postSolution
		SolutionGuid = {56E559A3-7D8B-44F7-BBE4-172D162728F3}
	EndGlobalSection
EndGlobal
